# This file is automatically @generated by Cargo.
# It is not intended for manual editing.
version = 4

[[package]]
name = "nablaskk-core"
version = "0.1.0"

[[package]]
name = "nablaskk-ffi"
version = "0.1.0"
dependencies = [
 "nablaskk-core",
]

[[package]]
name = "skk-cli"
version = "0.1.0"
dependencies = [
 "nablaskk-core",
]

[[package]]
name = "skkserv"
version = "0.1.0"
dependencies = [
 "nablaskk-core",
]
